// !$*UTF8*$!
{
	archiveVersion = 1;
	classes = {
	};
	objectVersion = 51;
	objects = {

/* Begin PBXBuildFile section */
		18A16CF5E806F7ABB1662C50 /* Pods_Easy_PresetsTests.framework in Frameworks */ = {isa = PBXBuildFile; fileRef = 959E131170F36BA49527D001 /* Pods_Easy_PresetsTests.framework */; };
		31A44D2B25ACCC1700DEEC67 /* AppDelegate.swift in Sources */ = {isa = PBXBuildFile; fileRef = 31A44D2A25ACCC1700DEEC67 /* AppDelegate.swift */; };
		31A44D2D25ACCC1700DEEC67 /* SceneDelegate.swift in Sources */ = {isa = PBXBuildFile; fileRef = 31A44D2C25ACCC1700DEEC67 /* SceneDelegate.swift */; };
		31A44D3225ACCC1700DEEC67 /* Main.storyboard in Resources */ = {isa = PBXBuildFile; fileRef = 31A44D3025ACCC1700DEEC67 /* Main.storyboard */; };
		31A44D3425ACCC1B00DEEC67 /* Assets.xcassets in Resources */ = {isa = PBXBuildFile; fileRef = 31A44D3325ACCC1B00DEEC67 /* Assets.xcassets */; };
		31A44D3725ACCC1B00DEEC67 /* LaunchScreen.storyboard in Resources */ = {isa = PBXBuildFile; fileRef = 31A44D3525ACCC1B00DEEC67 /* LaunchScreen.storyboard */; };
		31A44D4225ACCC1C00DEEC67 /* Easy_PresetsTests.swift in Sources */ = {isa = PBXBuildFile; fileRef = 31A44D4125ACCC1C00DEEC67 /* Easy_PresetsTests.swift */; };
		31A44D4D25ACCC1C00DEEC67 /* Easy_PresetsUITests.swift in Sources */ = {isa = PBXBuildFile; fileRef = 31A44D4C25ACCC1C00DEEC67 /* Easy_PresetsUITests.swift */; };
		31A44DA125ADCE1300DEEC67 /* Colors.xcassets in Resources */ = {isa = PBXBuildFile; fileRef = 31A44DA025ADCE1300DEEC67 /* Colors.xcassets */; };
		31A44DA725ADD8C800DEEC67 /* Nunito-SemiBold.ttf in Resources */ = {isa = PBXBuildFile; fileRef = 31A44DA625ADD8C800DEEC67 /* Nunito-SemiBold.ttf */; };
		31A44DAC25ADD8D700DEEC67 /* Nunito-Bold.ttf in Resources */ = {isa = PBXBuildFile; fileRef = 31A44DAB25ADD8D700DEEC67 /* Nunito-Bold.ttf */; };
		31A44DB125ADD8F600DEEC67 /* Nunito-Regular.ttf in Resources */ = {isa = PBXBuildFile; fileRef = 31A44DB025ADD8F600DEEC67 /* Nunito-Regular.ttf */; };
		31A44DB725ADDAA600DEEC67 /* UIFont+Extension.swift in Sources */ = {isa = PBXBuildFile; fileRef = 31A44DB625ADDAA600DEEC67 /* UIFont+Extension.swift */; };
		31A44DCF25AE48AA00DEEC67 /* UIColor+Extension.swift in Sources */ = {isa = PBXBuildFile; fileRef = 31A44DCE25AE48AA00DEEC67 /* UIColor+Extension.swift */; };
		31A44DD525AE566000DEEC67 /* OnboardingViewController.swift in Sources */ = {isa = PBXBuildFile; fileRef = 31A44DD425AE566000DEEC67 /* OnboardingViewController.swift */; };
		31A44DDE25AF975100DEEC67 /* OnboardingImages.xcassets in Resources */ = {isa = PBXBuildFile; fileRef = 31A44DDD25AF975100DEEC67 /* OnboardingImages.xcassets */; };
		31A44DE625B095F200DEEC67 /* OnboardingPageView.swift in Sources */ = {isa = PBXBuildFile; fileRef = 31A44DE525B095F200DEEC67 /* OnboardingPageView.swift */; };
		31CA0D9725B75C9E009B5314 /* AppFlowCoordinator.swift in Sources */ = {isa = PBXBuildFile; fileRef = 31CA0D9625B75C9E009B5314 /* AppFlowCoordinator.swift */; };
		E26268B26AD266C931927F35 /* Pods_Easy_Presets_Easy_PresetsUITests.framework in Frameworks */ = {isa = PBXBuildFile; fileRef = BFF01754D6B2215DF123215C /* Pods_Easy_Presets_Easy_PresetsUITests.framework */; };
		E27F06F085C166774CBD26B1 /* Pods_Easy_Presets.framework in Frameworks */ = {isa = PBXBuildFile; fileRef = 194A73FCA5DCAF8940F51BD1 /* Pods_Easy_Presets.framework */; };
/* End PBXBuildFile section */

/* Begin PBXContainerItemProxy section */
		31A44D3E25ACCC1C00DEEC67 /* PBXContainerItemProxy */ = {
			isa = PBXContainerItemProxy;
			containerPortal = 31A44D1F25ACCC1700DEEC67 /* Project object */;
			proxyType = 1;
			remoteGlobalIDString = 31A44D2625ACCC1700DEEC67;
			remoteInfo = "Easy Presets";
		};
		31A44D4925ACCC1C00DEEC67 /* PBXContainerItemProxy */ = {
			isa = PBXContainerItemProxy;
			containerPortal = 31A44D1F25ACCC1700DEEC67 /* Project object */;
			proxyType = 1;
			remoteGlobalIDString = 31A44D2625ACCC1700DEEC67;
			remoteInfo = "Easy Presets";
		};
/* End PBXContainerItemProxy section */

/* Begin PBXFileReference section */
		194A73FCA5DCAF8940F51BD1 /* Pods_Easy_Presets.framework */ = {isa = PBXFileReference; explicitFileType = wrapper.framework; includeInIndex = 0; path = Pods_Easy_Presets.framework; sourceTree = BUILT_PRODUCTS_DIR; };
		31A44D2725ACCC1700DEEC67 /* Easy Presets.app */ = {isa = PBXFileReference; explicitFileType = wrapper.application; includeInIndex = 0; path = "Easy Presets.app"; sourceTree = BUILT_PRODUCTS_DIR; };
		31A44D2A25ACCC1700DEEC67 /* AppDelegate.swift */ = {isa = PBXFileReference; lastKnownFileType = sourcecode.swift; path = AppDelegate.swift; sourceTree = "<group>"; };
		31A44D2C25ACCC1700DEEC67 /* SceneDelegate.swift */ = {isa = PBXFileReference; lastKnownFileType = sourcecode.swift; path = SceneDelegate.swift; sourceTree = "<group>"; };
		31A44D3125ACCC1700DEEC67 /* Base */ = {isa = PBXFileReference; lastKnownFileType = file.storyboard; name = Base; path = Base.lproj/Main.storyboard; sourceTree = "<group>"; };
		31A44D3325ACCC1B00DEEC67 /* Assets.xcassets */ = {isa = PBXFileReference; lastKnownFileType = folder.assetcatalog; path = Assets.xcassets; sourceTree = "<group>"; };
		31A44D3625ACCC1B00DEEC67 /* Base */ = {isa = PBXFileReference; lastKnownFileType = file.storyboard; name = Base; path = Base.lproj/LaunchScreen.storyboard; sourceTree = "<group>"; };
		31A44D3825ACCC1B00DEEC67 /* Info.plist */ = {isa = PBXFileReference; lastKnownFileType = text.plist.xml; path = Info.plist; sourceTree = "<group>"; };
		31A44D3D25ACCC1C00DEEC67 /* Easy PresetsTests.xctest */ = {isa = PBXFileReference; explicitFileType = wrapper.cfbundle; includeInIndex = 0; path = "Easy PresetsTests.xctest"; sourceTree = BUILT_PRODUCTS_DIR; };
		31A44D4125ACCC1C00DEEC67 /* Easy_PresetsTests.swift */ = {isa = PBXFileReference; lastKnownFileType = sourcecode.swift; path = Easy_PresetsTests.swift; sourceTree = "<group>"; };
		31A44D4325ACCC1C00DEEC67 /* Info.plist */ = {isa = PBXFileReference; lastKnownFileType = text.plist.xml; path = Info.plist; sourceTree = "<group>"; };
		31A44D4825ACCC1C00DEEC67 /* Easy PresetsUITests.xctest */ = {isa = PBXFileReference; explicitFileType = wrapper.cfbundle; includeInIndex = 0; path = "Easy PresetsUITests.xctest"; sourceTree = BUILT_PRODUCTS_DIR; };
		31A44D4C25ACCC1C00DEEC67 /* Easy_PresetsUITests.swift */ = {isa = PBXFileReference; lastKnownFileType = sourcecode.swift; path = Easy_PresetsUITests.swift; sourceTree = "<group>"; };
		31A44D4E25ACCC1C00DEEC67 /* Info.plist */ = {isa = PBXFileReference; lastKnownFileType = text.plist.xml; path = Info.plist; sourceTree = "<group>"; };
		31A44DA025ADCE1300DEEC67 /* Colors.xcassets */ = {isa = PBXFileReference; lastKnownFileType = folder.assetcatalog; path = Colors.xcassets; sourceTree = "<group>"; };
		31A44DA625ADD8C800DEEC67 /* Nunito-SemiBold.ttf */ = {isa = PBXFileReference; lastKnownFileType = file; name = "Nunito-SemiBold.ttf"; path = "../../../../../Downloads/Nunito/Nunito-SemiBold.ttf"; sourceTree = "<group>"; };
		31A44DAB25ADD8D700DEEC67 /* Nunito-Bold.ttf */ = {isa = PBXFileReference; lastKnownFileType = file; name = "Nunito-Bold.ttf"; path = "../../../../../Downloads/Nunito/Nunito-Bold.ttf"; sourceTree = "<group>"; };
		31A44DB025ADD8F600DEEC67 /* Nunito-Regular.ttf */ = {isa = PBXFileReference; lastKnownFileType = file; name = "Nunito-Regular.ttf"; path = "../../../../../Downloads/Nunito/Nunito-Regular.ttf"; sourceTree = "<group>"; };
		31A44DB625ADDAA600DEEC67 /* UIFont+Extension.swift */ = {isa = PBXFileReference; lastKnownFileType = sourcecode.swift; path = "UIFont+Extension.swift"; sourceTree = "<group>"; };
		31A44DCE25AE48AA00DEEC67 /* UIColor+Extension.swift */ = {isa = PBXFileReference; lastKnownFileType = sourcecode.swift; path = "UIColor+Extension.swift"; sourceTree = "<group>"; };
		31A44DD425AE566000DEEC67 /* OnboardingViewController.swift */ = {isa = PBXFileReference; lastKnownFileType = sourcecode.swift; path = OnboardingViewController.swift; sourceTree = "<group>"; };
		31A44DDD25AF975100DEEC67 /* OnboardingImages.xcassets */ = {isa = PBXFileReference; lastKnownFileType = folder.assetcatalog; path = OnboardingImages.xcassets; sourceTree = "<group>"; };
		31A44DE525B095F200DEEC67 /* OnboardingPageView.swift */ = {isa = PBXFileReference; lastKnownFileType = sourcecode.swift; path = OnboardingPageView.swift; sourceTree = "<group>"; };
		31CA0D9625B75C9E009B5314 /* AppFlowCoordinator.swift */ = {isa = PBXFileReference; lastKnownFileType = sourcecode.swift; path = AppFlowCoordinator.swift; sourceTree = "<group>"; };
		4ACD9C6B12424666293F4348 /* Pods-Easy Presets-Easy PresetsUITests.release.xcconfig */ = {isa = PBXFileReference; includeInIndex = 1; lastKnownFileType = text.xcconfig; name = "Pods-Easy Presets-Easy PresetsUITests.release.xcconfig"; path = "Target Support Files/Pods-Easy Presets-Easy PresetsUITests/Pods-Easy Presets-Easy PresetsUITests.release.xcconfig"; sourceTree = "<group>"; };
		84F823E2602560213A69CBB7 /* Pods-Easy PresetsTests.debug.xcconfig */ = {isa = PBXFileReference; includeInIndex = 1; lastKnownFileType = text.xcconfig; name = "Pods-Easy PresetsTests.debug.xcconfig"; path = "Target Support Files/Pods-Easy PresetsTests/Pods-Easy PresetsTests.debug.xcconfig"; sourceTree = "<group>"; };
		88F34703D208E2D282643A38 /* Pods-Easy PresetsTests.release.xcconfig */ = {isa = PBXFileReference; includeInIndex = 1; lastKnownFileType = text.xcconfig; name = "Pods-Easy PresetsTests.release.xcconfig"; path = "Target Support Files/Pods-Easy PresetsTests/Pods-Easy PresetsTests.release.xcconfig"; sourceTree = "<group>"; };
		8B6A7300C33E0326E9712CAB /* Pods-Easy Presets.release.xcconfig */ = {isa = PBXFileReference; includeInIndex = 1; lastKnownFileType = text.xcconfig; name = "Pods-Easy Presets.release.xcconfig"; path = "Target Support Files/Pods-Easy Presets/Pods-Easy Presets.release.xcconfig"; sourceTree = "<group>"; };
		959E131170F36BA49527D001 /* Pods_Easy_PresetsTests.framework */ = {isa = PBXFileReference; explicitFileType = wrapper.framework; includeInIndex = 0; path = Pods_Easy_PresetsTests.framework; sourceTree = BUILT_PRODUCTS_DIR; };
		A4B8961302B00E1FB2A3B7DD /* Pods-Easy Presets-Easy PresetsUITests.debug.xcconfig */ = {isa = PBXFileReference; includeInIndex = 1; lastKnownFileType = text.xcconfig; name = "Pods-Easy Presets-Easy PresetsUITests.debug.xcconfig"; path = "Target Support Files/Pods-Easy Presets-Easy PresetsUITests/Pods-Easy Presets-Easy PresetsUITests.debug.xcconfig"; sourceTree = "<group>"; };
		BB847C7F004A6D91A825BE4E /* Pods-Easy Presets.debug.xcconfig */ = {isa = PBXFileReference; includeInIndex = 1; lastKnownFileType = text.xcconfig; name = "Pods-Easy Presets.debug.xcconfig"; path = "Target Support Files/Pods-Easy Presets/Pods-Easy Presets.debug.xcconfig"; sourceTree = "<group>"; };
		BFF01754D6B2215DF123215C /* Pods_Easy_Presets_Easy_PresetsUITests.framework */ = {isa = PBXFileReference; explicitFileType = wrapper.framework; includeInIndex = 0; path = Pods_Easy_Presets_Easy_PresetsUITests.framework; sourceTree = BUILT_PRODUCTS_DIR; };
/* End PBXFileReference section */

/* Begin PBXFrameworksBuildPhase section */
		31A44D2425ACCC1700DEEC67 /* Frameworks */ = {
			isa = PBXFrameworksBuildPhase;
			buildActionMask = 2147483647;
			files = (
				E27F06F085C166774CBD26B1 /* Pods_Easy_Presets.framework in Frameworks */,
			);
			runOnlyForDeploymentPostprocessing = 0;
		};
		31A44D3A25ACCC1C00DEEC67 /* Frameworks */ = {
			isa = PBXFrameworksBuildPhase;
			buildActionMask = 2147483647;
			files = (
				18A16CF5E806F7ABB1662C50 /* Pods_Easy_PresetsTests.framework in Frameworks */,
			);
			runOnlyForDeploymentPostprocessing = 0;
		};
		31A44D4525ACCC1C00DEEC67 /* Frameworks */ = {
			isa = PBXFrameworksBuildPhase;
			buildActionMask = 2147483647;
			files = (
				E26268B26AD266C931927F35 /* Pods_Easy_Presets_Easy_PresetsUITests.framework in Frameworks */,
			);
			runOnlyForDeploymentPostprocessing = 0;
		};
/* End PBXFrameworksBuildPhase section */

/* Begin PBXGroup section */
		31A44D1E25ACCC1700DEEC67 = {
			isa = PBXGroup;
			children = (
				31A44D2925ACCC1700DEEC67 /* Easy Presets */,
				31A44D4025ACCC1C00DEEC67 /* Easy PresetsTests */,
				31A44D4B25ACCC1C00DEEC67 /* Easy PresetsUITests */,
				31A44D2825ACCC1700DEEC67 /* Products */,
				61E5844F4DBC78715F31C807 /* Pods */,
				DD880453816A05B3ABE18D19 /* Frameworks */,
			);
			sourceTree = "<group>";
		};
		31A44D2825ACCC1700DEEC67 /* Products */ = {
			isa = PBXGroup;
			children = (
				31A44D2725ACCC1700DEEC67 /* Easy Presets.app */,
				31A44D3D25ACCC1C00DEEC67 /* Easy PresetsTests.xctest */,
				31A44D4825ACCC1C00DEEC67 /* Easy PresetsUITests.xctest */,
			);
			name = Products;
			sourceTree = "<group>";
		};
		31A44D2925ACCC1700DEEC67 /* Easy Presets */ = {
			isa = PBXGroup;
			children = (
				31A44D6125ACD25400DEEC67 /* Resources */,
				31A44D6225ACD27900DEEC67 /* Application */,
			);
			path = "Easy Presets";
			sourceTree = "<group>";
		};
		31A44D4025ACCC1C00DEEC67 /* Easy PresetsTests */ = {
			isa = PBXGroup;
			children = (
				31A44D4125ACCC1C00DEEC67 /* Easy_PresetsTests.swift */,
				31A44D4325ACCC1C00DEEC67 /* Info.plist */,
			);
			path = "Easy PresetsTests";
			sourceTree = "<group>";
		};
		31A44D4B25ACCC1C00DEEC67 /* Easy PresetsUITests */ = {
			isa = PBXGroup;
			children = (
				31A44D4C25ACCC1C00DEEC67 /* Easy_PresetsUITests.swift */,
				31A44D4E25ACCC1C00DEEC67 /* Info.plist */,
			);
			path = "Easy PresetsUITests";
			sourceTree = "<group>";
		};
		31A44D6125ACD25400DEEC67 /* Resources */ = {
			isa = PBXGroup;
			children = (
				31A44DA525ADD83900DEEC67 /* Fonts */,
				31A44D3325ACCC1B00DEEC67 /* Assets.xcassets */,
				31A44DA025ADCE1300DEEC67 /* Colors.xcassets */,
				31A44DDD25AF975100DEEC67 /* OnboardingImages.xcassets */,
				31A44D3825ACCC1B00DEEC67 /* Info.plist */,
				31A44D6A25ACD37700DEEC67 /* Storyboards */,
			);
			path = Resources;
			sourceTree = "<group>";
		};
		31A44D6225ACD27900DEEC67 /* Application */ = {
			isa = PBXGroup;
			children = (
				31A44DB525ADDA6B00DEEC67 /* Extensions */,
				31A44D6325ACD2AE00DEEC67 /* ApplicationLifecycle */,
				31A44D6425ACD2E500DEEC67 /* UI */,
				31A44D6525ACD2F200DEEC67 /* Services */,
			);
			path = Application;
			sourceTree = "<group>";
		};
		31A44D6325ACD2AE00DEEC67 /* ApplicationLifecycle */ = {
			isa = PBXGroup;
			children = (
				31A44D2A25ACCC1700DEEC67 /* AppDelegate.swift */,
				31A44D2C25ACCC1700DEEC67 /* SceneDelegate.swift */,
				31CA0D9625B75C9E009B5314 /* AppFlowCoordinator.swift */,
			);
			path = ApplicationLifecycle;
			sourceTree = "<group>";
		};
		31A44D6425ACD2E500DEEC67 /* UI */ = {
			isa = PBXGroup;
			children = (
				31A44D6E25ACD3E300DEEC67 /* Elements */,
				31A44D7125ACD40A00DEEC67 /* Modules */,
			);
			path = UI;
			sourceTree = "<group>";
		};
		31A44D6525ACD2F200DEEC67 /* Services */ = {
			isa = PBXGroup;
			children = (
				31A44D6625ACD2FF00DEEC67 /* Persistence */,
			);
			path = Services;
			sourceTree = "<group>";
		};
		31A44D6625ACD2FF00DEEC67 /* Persistence */ = {
			isa = PBXGroup;
			children = (
				31A44D6725ACD30F00DEEC67 /* Model */,
				31A44D6825ACD32B00DEEC67 /* Manager */,
				31A44D6925ACD33000DEEC67 /* Store */,
			);
			path = Persistence;
			sourceTree = "<group>";
		};
		31A44D6725ACD30F00DEEC67 /* Model */ = {
			isa = PBXGroup;
			children = (
			);
			path = Model;
			sourceTree = "<group>";
		};
		31A44D6825ACD32B00DEEC67 /* Manager */ = {
			isa = PBXGroup;
			children = (
			);
			path = Manager;
			sourceTree = "<group>";
		};
		31A44D6925ACD33000DEEC67 /* Store */ = {
			isa = PBXGroup;
			children = (
			);
			path = Store;
			sourceTree = "<group>";
		};
		31A44D6A25ACD37700DEEC67 /* Storyboards */ = {
			isa = PBXGroup;
			children = (
				31A44D3525ACCC1B00DEEC67 /* LaunchScreen.storyboard */,
				31A44D3025ACCC1700DEEC67 /* Main.storyboard */,
			);
			path = Storyboards;
			sourceTree = "<group>";
		};
		31A44D6E25ACD3E300DEEC67 /* Elements */ = {
			isa = PBXGroup;
			children = (
				31A44D7025ACD3F300DEEC67 /* Cells */,
				31A44D6F25ACD3EC00DEEC67 /* Views */,
			);
			path = Elements;
			sourceTree = "<group>";
		};
		31A44D6F25ACD3EC00DEEC67 /* Views */ = {
			isa = PBXGroup;
			children = (
				31A44DE525B095F200DEEC67 /* OnboardingPageView.swift */,
			);
			path = Views;
			sourceTree = "<group>";
		};
		31A44D7025ACD3F300DEEC67 /* Cells */ = {
			isa = PBXGroup;
			children = (
			);
			path = Cells;
			sourceTree = "<group>";
		};
		31A44D7125ACD40A00DEEC67 /* Modules */ = {
			isa = PBXGroup;
			children = (
				31A44DD425AE566000DEEC67 /* OnboardingViewController.swift */,
			);
			path = Modules;
			sourceTree = "<group>";
		};
		31A44DA525ADD83900DEEC67 /* Fonts */ = {
			isa = PBXGroup;
			children = (
				31A44DA625ADD8C800DEEC67 /* Nunito-SemiBold.ttf */,
				31A44DAB25ADD8D700DEEC67 /* Nunito-Bold.ttf */,
				31A44DB025ADD8F600DEEC67 /* Nunito-Regular.ttf */,
			);
			path = Fonts;
			sourceTree = "<group>";
		};
		31A44DB525ADDA6B00DEEC67 /* Extensions */ = {
			isa = PBXGroup;
			children = (
				31A44DB625ADDAA600DEEC67 /* UIFont+Extension.swift */,
				31A44DCE25AE48AA00DEEC67 /* UIColor+Extension.swift */,
			);
			path = Extensions;
			sourceTree = "<group>";
		};
		61E5844F4DBC78715F31C807 /* Pods */ = {
			isa = PBXGroup;
			children = (
				BB847C7F004A6D91A825BE4E /* Pods-Easy Presets.debug.xcconfig */,
				8B6A7300C33E0326E9712CAB /* Pods-Easy Presets.release.xcconfig */,
				A4B8961302B00E1FB2A3B7DD /* Pods-Easy Presets-Easy PresetsUITests.debug.xcconfig */,
				4ACD9C6B12424666293F4348 /* Pods-Easy Presets-Easy PresetsUITests.release.xcconfig */,
				84F823E2602560213A69CBB7 /* Pods-Easy PresetsTests.debug.xcconfig */,
				88F34703D208E2D282643A38 /* Pods-Easy PresetsTests.release.xcconfig */,
			);
			path = Pods;
			sourceTree = "<group>";
		};
		DD880453816A05B3ABE18D19 /* Frameworks */ = {
			isa = PBXGroup;
			children = (
				194A73FCA5DCAF8940F51BD1 /* Pods_Easy_Presets.framework */,
				BFF01754D6B2215DF123215C /* Pods_Easy_Presets_Easy_PresetsUITests.framework */,
				959E131170F36BA49527D001 /* Pods_Easy_PresetsTests.framework */,
			);
			name = Frameworks;
			sourceTree = "<group>";
		};
/* End PBXGroup section */

/* Begin PBXNativeTarget section */
		31A44D2625ACCC1700DEEC67 /* Easy Presets */ = {
			isa = PBXNativeTarget;
			buildConfigurationList = 31A44D5125ACCC1C00DEEC67 /* Build configuration list for PBXNativeTarget "Easy Presets" */;
			buildPhases = (
				54F19044296E3DB6167A9504 /* [CP] Check Pods Manifest.lock */,
				31A44D2325ACCC1700DEEC67 /* Sources */,
				31A44D2425ACCC1700DEEC67 /* Frameworks */,
				31A44D2525ACCC1700DEEC67 /* Resources */,
				289BB789F469B8B70736B393 /* [CP] Embed Pods Frameworks */,
			);
			buildRules = (
			);
			dependencies = (
			);
			name = "Easy Presets";
			productName = "Easy Presets";
			productReference = 31A44D2725ACCC1700DEEC67 /* Easy Presets.app */;
			productType = "com.apple.product-type.application";
		};
		31A44D3C25ACCC1C00DEEC67 /* Easy PresetsTests */ = {
			isa = PBXNativeTarget;
			buildConfigurationList = 31A44D5425ACCC1C00DEEC67 /* Build configuration list for PBXNativeTarget "Easy PresetsTests" */;
			buildPhases = (
				6FAE7E6489D698B4908BE6B7 /* [CP] Check Pods Manifest.lock */,
				31A44D3925ACCC1C00DEEC67 /* Sources */,
				31A44D3A25ACCC1C00DEEC67 /* Frameworks */,
				31A44D3B25ACCC1C00DEEC67 /* Resources */,
			);
			buildRules = (
			);
			dependencies = (
				31A44D3F25ACCC1C00DEEC67 /* PBXTargetDependency */,
			);
			name = "Easy PresetsTests";
			productName = "Easy PresetsTests";
			productReference = 31A44D3D25ACCC1C00DEEC67 /* Easy PresetsTests.xctest */;
			productType = "com.apple.product-type.bundle.unit-test";
		};
		31A44D4725ACCC1C00DEEC67 /* Easy PresetsUITests */ = {
			isa = PBXNativeTarget;
			buildConfigurationList = 31A44D5725ACCC1C00DEEC67 /* Build configuration list for PBXNativeTarget "Easy PresetsUITests" */;
			buildPhases = (
				7D42AD264E1110DCFAE04B43 /* [CP] Check Pods Manifest.lock */,
				31A44D4425ACCC1C00DEEC67 /* Sources */,
				31A44D4525ACCC1C00DEEC67 /* Frameworks */,
				31A44D4625ACCC1C00DEEC67 /* Resources */,
				363895351685FF4E8B038C2C /* [CP] Embed Pods Frameworks */,
			);
			buildRules = (
			);
			dependencies = (
				31A44D4A25ACCC1C00DEEC67 /* PBXTargetDependency */,
			);
			name = "Easy PresetsUITests";
			productName = "Easy PresetsUITests";
			productReference = 31A44D4825ACCC1C00DEEC67 /* Easy PresetsUITests.xctest */;
			productType = "com.apple.product-type.bundle.ui-testing";
		};
/* End PBXNativeTarget section */

/* Begin PBXProject section */
		31A44D1F25ACCC1700DEEC67 /* Project object */ = {
			isa = PBXProject;
			attributes = {
				LastSwiftUpdateCheck = 1220;
				LastUpgradeCheck = 1220;
				TargetAttributes = {
					31A44D2625ACCC1700DEEC67 = {
						CreatedOnToolsVersion = 12.2;
					};
					31A44D3C25ACCC1C00DEEC67 = {
						CreatedOnToolsVersion = 12.2;
						TestTargetID = 31A44D2625ACCC1700DEEC67;
					};
					31A44D4725ACCC1C00DEEC67 = {
						CreatedOnToolsVersion = 12.2;
						TestTargetID = 31A44D2625ACCC1700DEEC67;
					};
				};
			};
			buildConfigurationList = 31A44D2225ACCC1700DEEC67 /* Build configuration list for PBXProject "Easy Presets" */;
			compatibilityVersion = "Xcode 9.3";
			developmentRegion = en;
			hasScannedForEncodings = 0;
			knownRegions = (
				en,
				Base,
			);
			mainGroup = 31A44D1E25ACCC1700DEEC67;
			productRefGroup = 31A44D2825ACCC1700DEEC67 /* Products */;
			projectDirPath = "";
			projectRoot = "";
			targets = (
				31A44D2625ACCC1700DEEC67 /* Easy Presets */,
				31A44D3C25ACCC1C00DEEC67 /* Easy PresetsTests */,
				31A44D4725ACCC1C00DEEC67 /* Easy PresetsUITests */,
			);
		};
/* End PBXProject section */

/* Begin PBXResourcesBuildPhase section */
		31A44D2525ACCC1700DEEC67 /* Resources */ = {
			isa = PBXResourcesBuildPhase;
			buildActionMask = 2147483647;
			files = (
				31A44D3725ACCC1B00DEEC67 /* LaunchScreen.storyboard in Resources */,
				31A44DA125ADCE1300DEEC67 /* Colors.xcassets in Resources */,
				31A44D3425ACCC1B00DEEC67 /* Assets.xcassets in Resources */,
				31A44D3225ACCC1700DEEC67 /* Main.storyboard in Resources */,
				31A44DB125ADD8F600DEEC67 /* Nunito-Regular.ttf in Resources */,
				31A44DAC25ADD8D700DEEC67 /* Nunito-Bold.ttf in Resources */,
				31A44DDE25AF975100DEEC67 /* OnboardingImages.xcassets in Resources */,
				31A44DA725ADD8C800DEEC67 /* Nunito-SemiBold.ttf in Resources */,
			);
			runOnlyForDeploymentPostprocessing = 0;
		};
		31A44D3B25ACCC1C00DEEC67 /* Resources */ = {
			isa = PBXResourcesBuildPhase;
			buildActionMask = 2147483647;
			files = (
			);
			runOnlyForDeploymentPostprocessing = 0;
		};
		31A44D4625ACCC1C00DEEC67 /* Resources */ = {
			isa = PBXResourcesBuildPhase;
			buildActionMask = 2147483647;
			files = (
			);
			runOnlyForDeploymentPostprocessing = 0;
		};
/* End PBXResourcesBuildPhase section */

/* Begin PBXShellScriptBuildPhase section */
		289BB789F469B8B70736B393 /* [CP] Embed Pods Frameworks */ = {
			isa = PBXShellScriptBuildPhase;
			buildActionMask = 2147483647;
			files = (
			);
			inputFileListPaths = (
				"${PODS_ROOT}/Target Support Files/Pods-Easy Presets/Pods-Easy Presets-frameworks-${CONFIGURATION}-input-files.xcfilelist",
			);
			name = "[CP] Embed Pods Frameworks";
			outputFileListPaths = (
				"${PODS_ROOT}/Target Support Files/Pods-Easy Presets/Pods-Easy Presets-frameworks-${CONFIGURATION}-output-files.xcfilelist",
			);
			runOnlyForDeploymentPostprocessing = 0;
			shellPath = /bin/sh;
			shellScript = "\"${PODS_ROOT}/Target Support Files/Pods-Easy Presets/Pods-Easy Presets-frameworks.sh\"\n";
			showEnvVarsInLog = 0;
		};
		363895351685FF4E8B038C2C /* [CP] Embed Pods Frameworks */ = {
			isa = PBXShellScriptBuildPhase;
			buildActionMask = 2147483647;
			files = (
			);
			inputFileListPaths = (
				"${PODS_ROOT}/Target Support Files/Pods-Easy Presets-Easy PresetsUITests/Pods-Easy Presets-Easy PresetsUITests-frameworks-${CONFIGURATION}-input-files.xcfilelist",
			);
			name = "[CP] Embed Pods Frameworks";
			outputFileListPaths = (
				"${PODS_ROOT}/Target Support Files/Pods-Easy Presets-Easy PresetsUITests/Pods-Easy Presets-Easy PresetsUITests-frameworks-${CONFIGURATION}-output-files.xcfilelist",
			);
			runOnlyForDeploymentPostprocessing = 0;
			shellPath = /bin/sh;
			shellScript = "\"${PODS_ROOT}/Target Support Files/Pods-Easy Presets-Easy PresetsUITests/Pods-Easy Presets-Easy PresetsUITests-frameworks.sh\"\n";
			showEnvVarsInLog = 0;
		};
		54F19044296E3DB6167A9504 /* [CP] Check Pods Manifest.lock */ = {
			isa = PBXShellScriptBuildPhase;
			buildActionMask = 2147483647;
			files = (
			);
			inputFileListPaths = (
			);
			inputPaths = (
				"${PODS_PODFILE_DIR_PATH}/Podfile.lock",
				"${PODS_ROOT}/Manifest.lock",
			);
			name = "[CP] Check Pods Manifest.lock";
			outputFileListPaths = (
			);
			outputPaths = (
				"$(DERIVED_FILE_DIR)/Pods-Easy Presets-checkManifestLockResult.txt",
			);
			runOnlyForDeploymentPostprocessing = 0;
			shellPath = /bin/sh;
			shellScript = "diff \"${PODS_PODFILE_DIR_PATH}/Podfile.lock\" \"${PODS_ROOT}/Manifest.lock\" > /dev/null\nif [ $? != 0 ] ; then\n    # print error to STDERR\n    echo \"error: The sandbox is not in sync with the Podfile.lock. Run 'pod install' or update your CocoaPods installation.\" >&2\n    exit 1\nfi\n# This output is used by Xcode 'outputs' to avoid re-running this script phase.\necho \"SUCCESS\" > \"${SCRIPT_OUTPUT_FILE_0}\"\n";
			showEnvVarsInLog = 0;
		};
		6FAE7E6489D698B4908BE6B7 /* [CP] Check Pods Manifest.lock */ = {
			isa = PBXShellScriptBuildPhase;
			buildActionMask = 2147483647;
			files = (
			);
			inputFileListPaths = (
			);
			inputPaths = (
				"${PODS_PODFILE_DIR_PATH}/Podfile.lock",
				"${PODS_ROOT}/Manifest.lock",
			);
			name = "[CP] Check Pods Manifest.lock";
			outputFileListPaths = (
			);
			outputPaths = (
				"$(DERIVED_FILE_DIR)/Pods-Easy PresetsTests-checkManifestLockResult.txt",
			);
			runOnlyForDeploymentPostprocessing = 0;
			shellPath = /bin/sh;
			shellScript = "diff \"${PODS_PODFILE_DIR_PATH}/Podfile.lock\" \"${PODS_ROOT}/Manifest.lock\" > /dev/null\nif [ $? != 0 ] ; then\n    # print error to STDERR\n    echo \"error: The sandbox is not in sync with the Podfile.lock. Run 'pod install' or update your CocoaPods installation.\" >&2\n    exit 1\nfi\n# This output is used by Xcode 'outputs' to avoid re-running this script phase.\necho \"SUCCESS\" > \"${SCRIPT_OUTPUT_FILE_0}\"\n";
			showEnvVarsInLog = 0;
		};
		7D42AD264E1110DCFAE04B43 /* [CP] Check Pods Manifest.lock */ = {
			isa = PBXShellScriptBuildPhase;
			buildActionMask = 2147483647;
			files = (
			);
			inputFileListPaths = (
			);
			inputPaths = (
				"${PODS_PODFILE_DIR_PATH}/Podfile.lock",
				"${PODS_ROOT}/Manifest.lock",
			);
			name = "[CP] Check Pods Manifest.lock";
			outputFileListPaths = (
			);
			outputPaths = (
				"$(DERIVED_FILE_DIR)/Pods-Easy Presets-Easy PresetsUITests-checkManifestLockResult.txt",
			);
			runOnlyForDeploymentPostprocessing = 0;
			shellPath = /bin/sh;
			shellScript = "diff \"${PODS_PODFILE_DIR_PATH}/Podfile.lock\" \"${PODS_ROOT}/Manifest.lock\" > /dev/null\nif [ $? != 0 ] ; then\n    # print error to STDERR\n    echo \"error: The sandbox is not in sync with the Podfile.lock. Run 'pod install' or update your CocoaPods installation.\" >&2\n    exit 1\nfi\n# This output is used by Xcode 'outputs' to avoid re-running this script phase.\necho \"SUCCESS\" > \"${SCRIPT_OUTPUT_FILE_0}\"\n";
			showEnvVarsInLog = 0;
		};
/* End PBXShellScriptBuildPhase section */

/* Begin PBXSourcesBuildPhase section */
		31A44D2325ACCC1700DEEC67 /* Sources */ = {
			isa = PBXSourcesBuildPhase;
			buildActionMask = 2147483647;
			files = (
				31A44DE625B095F200DEEC67 /* OnboardingPageView.swift in Sources */,
				31A44D2B25ACCC1700DEEC67 /* AppDelegate.swift in Sources */,
				31A44DB725ADDAA600DEEC67 /* UIFont+Extension.swift in Sources */,
				31CA0D9725B75C9E009B5314 /* AppFlowCoordinator.swift in Sources */,
				31A44DD525AE566000DEEC67 /* OnboardingViewController.swift in Sources */,
				31A44D2D25ACCC1700DEEC67 /* SceneDelegate.swift in Sources */,
				31A44DCF25AE48AA00DEEC67 /* UIColor+Extension.swift in Sources */,
			);
			runOnlyForDeploymentPostprocessing = 0;
		};
		31A44D3925ACCC1C00DEEC67 /* Sources */ = {
			isa = PBXSourcesBuildPhase;
			buildActionMask = 2147483647;
			files = (
				31A44D4225ACCC1C00DEEC67 /* Easy_PresetsTests.swift in Sources */,
			);
			runOnlyForDeploymentPostprocessing = 0;
		};
		31A44D4425ACCC1C00DEEC67 /* Sources */ = {
			isa = PBXSourcesBuildPhase;
			buildActionMask = 2147483647;
			files = (
				31A44D4D25ACCC1C00DEEC67 /* Easy_PresetsUITests.swift in Sources */,
			);
			runOnlyForDeploymentPostprocessing = 0;
		};
/* End PBXSourcesBuildPhase section */

/* Begin PBXTargetDependency section */
		31A44D3F25ACCC1C00DEEC67 /* PBXTargetDependency */ = {
			isa = PBXTargetDependency;
			target = 31A44D2625ACCC1700DEEC67 /* Easy Presets */;
			targetProxy = 31A44D3E25ACCC1C00DEEC67 /* PBXContainerItemProxy */;
		};
		31A44D4A25ACCC1C00DEEC67 /* PBXTargetDependency */ = {
			isa = PBXTargetDependency;
			target = 31A44D2625ACCC1700DEEC67 /* Easy Presets */;
			targetProxy = 31A44D4925ACCC1C00DEEC67 /* PBXContainerItemProxy */;
		};
/* End PBXTargetDependency section */

/* Begin PBXVariantGroup section */
		31A44D3025ACCC1700DEEC67 /* Main.storyboard */ = {
			isa = PBXVariantGroup;
			children = (
				31A44D3125ACCC1700DEEC67 /* Base */,
			);
			name = Main.storyboard;
			sourceTree = "<group>";
		};
		31A44D3525ACCC1B00DEEC67 /* LaunchScreen.storyboard */ = {
			isa = PBXVariantGroup;
			children = (
				31A44D3625ACCC1B00DEEC67 /* Base */,
			);
			name = LaunchScreen.storyboard;
			sourceTree = "<group>";
		};
/* End PBXVariantGroup section */

/* Begin XCBuildConfiguration section */
		31A44D4F25ACCC1C00DEEC67 /* Debug */ = {
			isa = XCBuildConfiguration;
			buildSettings = {
				ALWAYS_SEARCH_USER_PATHS = NO;
				CLANG_ANALYZER_NONNULL = YES;
				CLANG_ANALYZER_NUMBER_OBJECT_CONVERSION = YES_AGGRESSIVE;
				CLANG_CXX_LANGUAGE_STANDARD = "gnu++14";
				CLANG_CXX_LIBRARY = "libc++";
				CLANG_ENABLE_MODULES = YES;
				CLANG_ENABLE_OBJC_ARC = YES;
				CLANG_ENABLE_OBJC_WEAK = YES;
				CLANG_WARN_BLOCK_CAPTURE_AUTORELEASING = YES;
				CLANG_WARN_BOOL_CONVERSION = YES;
				CLANG_WARN_COMMA = YES;
				CLANG_WARN_CONSTANT_CONVERSION = YES;
				CLANG_WARN_DEPRECATED_OBJC_IMPLEMENTATIONS = YES;
				CLANG_WARN_DIRECT_OBJC_ISA_USAGE = YES_ERROR;
				CLANG_WARN_DOCUMENTATION_COMMENTS = YES;
				CLANG_WARN_EMPTY_BODY = YES;
				CLANG_WARN_ENUM_CONVERSION = YES;
				CLANG_WARN_INFINITE_RECURSION = YES;
				CLANG_WARN_INT_CONVERSION = YES;
				CLANG_WARN_NON_LITERAL_NULL_CONVERSION = YES;
				CLANG_WARN_OBJC_IMPLICIT_RETAIN_SELF = YES;
				CLANG_WARN_OBJC_LITERAL_CONVERSION = YES;
				CLANG_WARN_OBJC_ROOT_CLASS = YES_ERROR;
				CLANG_WARN_QUOTED_INCLUDE_IN_FRAMEWORK_HEADER = YES;
				CLANG_WARN_RANGE_LOOP_ANALYSIS = YES;
				CLANG_WARN_STRICT_PROTOTYPES = YES;
				CLANG_WARN_SUSPICIOUS_MOVE = YES;
				CLANG_WARN_UNGUARDED_AVAILABILITY = YES_AGGRESSIVE;
				CLANG_WARN_UNREACHABLE_CODE = YES;
				CLANG_WARN__DUPLICATE_METHOD_MATCH = YES;
				COPY_PHASE_STRIP = NO;
				DEBUG_INFORMATION_FORMAT = dwarf;
				ENABLE_STRICT_OBJC_MSGSEND = YES;
				ENABLE_TESTABILITY = YES;
				GCC_C_LANGUAGE_STANDARD = gnu11;
				GCC_DYNAMIC_NO_PIC = NO;
				GCC_NO_COMMON_BLOCKS = YES;
				GCC_OPTIMIZATION_LEVEL = 0;
				GCC_PREPROCESSOR_DEFINITIONS = (
					"DEBUG=1",
					"$(inherited)",
				);
				GCC_WARN_64_TO_32_BIT_CONVERSION = YES;
				GCC_WARN_ABOUT_RETURN_TYPE = YES_ERROR;
				GCC_WARN_UNDECLARED_SELECTOR = YES;
				GCC_WARN_UNINITIALIZED_AUTOS = YES_AGGRESSIVE;
				GCC_WARN_UNUSED_FUNCTION = YES;
				GCC_WARN_UNUSED_VARIABLE = YES;
				IPHONEOS_DEPLOYMENT_TARGET = 12.0;
				MTL_ENABLE_DEBUG_INFO = INCLUDE_SOURCE;
				MTL_FAST_MATH = YES;
				ONLY_ACTIVE_ARCH = YES;
				SDKROOT = iphoneos;
				SWIFT_ACTIVE_COMPILATION_CONDITIONS = DEBUG;
				SWIFT_OPTIMIZATION_LEVEL = "-Onone";
			};
			name = Debug;
		};
		31A44D5025ACCC1C00DEEC67 /* Release */ = {
			isa = XCBuildConfiguration;
			buildSettings = {
				ALWAYS_SEARCH_USER_PATHS = NO;
				CLANG_ANALYZER_NONNULL = YES;
				CLANG_ANALYZER_NUMBER_OBJECT_CONVERSION = YES_AGGRESSIVE;
				CLANG_CXX_LANGUAGE_STANDARD = "gnu++14";
				CLANG_CXX_LIBRARY = "libc++";
				CLANG_ENABLE_MODULES = YES;
				CLANG_ENABLE_OBJC_ARC = YES;
				CLANG_ENABLE_OBJC_WEAK = YES;
				CLANG_WARN_BLOCK_CAPTURE_AUTORELEASING = YES;
				CLANG_WARN_BOOL_CONVERSION = YES;
				CLANG_WARN_COMMA = YES;
				CLANG_WARN_CONSTANT_CONVERSION = YES;
				CLANG_WARN_DEPRECATED_OBJC_IMPLEMENTATIONS = YES;
				CLANG_WARN_DIRECT_OBJC_ISA_USAGE = YES_ERROR;
				CLANG_WARN_DOCUMENTATION_COMMENTS = YES;
				CLANG_WARN_EMPTY_BODY = YES;
				CLANG_WARN_ENUM_CONVERSION = YES;
				CLANG_WARN_INFINITE_RECURSION = YES;
				CLANG_WARN_INT_CONVERSION = YES;
				CLANG_WARN_NON_LITERAL_NULL_CONVERSION = YES;
				CLANG_WARN_OBJC_IMPLICIT_RETAIN_SELF = YES;
				CLANG_WARN_OBJC_LITERAL_CONVERSION = YES;
				CLANG_WARN_OBJC_ROOT_CLASS = YES_ERROR;
				CLANG_WARN_QUOTED_INCLUDE_IN_FRAMEWORK_HEADER = YES;
				CLANG_WARN_RANGE_LOOP_ANALYSIS = YES;
				CLANG_WARN_STRICT_PROTOTYPES = YES;
				CLANG_WARN_SUSPICIOUS_MOVE = YES;
				CLANG_WARN_UNGUARDED_AVAILABILITY = YES_AGGRESSIVE;
				CLANG_WARN_UNREACHABLE_CODE = YES;
				CLANG_WARN__DUPLICATE_METHOD_MATCH = YES;
				COPY_PHASE_STRIP = NO;
				DEBUG_INFORMATION_FORMAT = "dwarf-with-dsym";
				ENABLE_NS_ASSERTIONS = NO;
				ENABLE_STRICT_OBJC_MSGSEND = YES;
				GCC_C_LANGUAGE_STANDARD = gnu11;
				GCC_NO_COMMON_BLOCKS = YES;
				GCC_WARN_64_TO_32_BIT_CONVERSION = YES;
				GCC_WARN_ABOUT_RETURN_TYPE = YES_ERROR;
				GCC_WARN_UNDECLARED_SELECTOR = YES;
				GCC_WARN_UNINITIALIZED_AUTOS = YES_AGGRESSIVE;
				GCC_WARN_UNUSED_FUNCTION = YES;
				GCC_WARN_UNUSED_VARIABLE = YES;
				IPHONEOS_DEPLOYMENT_TARGET = 12.0;
				MTL_ENABLE_DEBUG_INFO = NO;
				MTL_FAST_MATH = YES;
				SDKROOT = iphoneos;
				SWIFT_COMPILATION_MODE = wholemodule;
				SWIFT_OPTIMIZATION_LEVEL = "-O";
				VALIDATE_PRODUCT = YES;
			};
			name = Release;
		};
		31A44D5225ACCC1C00DEEC67 /* Debug */ = {
			isa = XCBuildConfiguration;
			baseConfigurationReference = BB847C7F004A6D91A825BE4E /* Pods-Easy Presets.debug.xcconfig */;
			buildSettings = {
				ASSETCATALOG_COMPILER_APPICON_NAME = AppIcon;
				ASSETCATALOG_COMPILER_GLOBAL_ACCENT_COLOR_NAME = AccentColor;
				CODE_SIGN_STYLE = Automatic;
				DEVELOPMENT_TEAM = M66ZN748KM;
				INFOPLIST_FILE = "$(SRCROOT)/Easy Presets/Resources/Info.plist";
				LD_RUNPATH_SEARCH_PATHS = (
					"$(inherited)",
					"@executable_path/Frameworks",
				);
				PRODUCT_BUNDLE_IDENTIFIER = "Paraskevich.Easy-Presets";
				PRODUCT_NAME = "$(TARGET_NAME)";
				SWIFT_VERSION = 5.0;
				TARGETED_DEVICE_FAMILY = 1;
			};
			name = Debug;
		};
		31A44D5325ACCC1C00DEEC67 /* Release */ = {
			isa = XCBuildConfiguration;
			baseConfigurationReference = 8B6A7300C33E0326E9712CAB /* Pods-Easy Presets.release.xcconfig */;
			buildSettings = {
				ASSETCATALOG_COMPILER_APPICON_NAME = AppIcon;
				ASSETCATALOG_COMPILER_GLOBAL_ACCENT_COLOR_NAME = AccentColor;
				CODE_SIGN_STYLE = Automatic;
				DEVELOPMENT_TEAM = M66ZN748KM;
				INFOPLIST_FILE = "$(SRCROOT)/Easy Presets/Resources/Info.plist";
				LD_RUNPATH_SEARCH_PATHS = (
					"$(inherited)",
					"@executable_path/Frameworks",
				);
				PRODUCT_BUNDLE_IDENTIFIER = "Paraskevich.Easy-Presets";
				PRODUCT_NAME = "$(TARGET_NAME)";
				SWIFT_VERSION = 5.0;
				TARGETED_DEVICE_FAMILY = 1;
			};
			name = Release;
		};
		31A44D5525ACCC1C00DEEC67 /* Debug */ = {
			isa = XCBuildConfiguration;
			baseConfigurationReference = 84F823E2602560213A69CBB7 /* Pods-Easy PresetsTests.debug.xcconfig */;
			buildSettings = {
				ALWAYS_EMBED_SWIFT_STANDARD_LIBRARIES = YES;
				BUNDLE_LOADER = "$(TEST_HOST)";
				CODE_SIGN_STYLE = Automatic;
				DEVELOPMENT_TEAM = M66ZN748KM;
				INFOPLIST_FILE = "Easy PresetsTests/Info.plist";
				IPHONEOS_DEPLOYMENT_TARGET = 14.2;
				LD_RUNPATH_SEARCH_PATHS = (
					"$(inherited)",
					"@executable_path/Frameworks",
					"@loader_path/Frameworks",
				);
				PRODUCT_BUNDLE_IDENTIFIER = "Paraskevich.Easy-PresetsTests";
				PRODUCT_NAME = "$(TARGET_NAME)";
				SWIFT_VERSION = 5.0;
				TARGETED_DEVICE_FAMILY = "1,2";
				TEST_HOST = "$(BUILT_PRODUCTS_DIR)/Easy Presets.app/Easy Presets";
			};
			name = Debug;
		};
		31A44D5625ACCC1C00DEEC67 /* Release */ = {
			isa = XCBuildConfiguration;
			baseConfigurationReference = 88F34703D208E2D282643A38 /* Pods-Easy PresetsTests.release.xcconfig */;
			buildSettings = {
				ALWAYS_EMBED_SWIFT_STANDARD_LIBRARIES = YES;
				BUNDLE_LOADER = "$(TEST_HOST)";
				CODE_SIGN_STYLE = Automatic;
				DEVELOPMENT_TEAM = M66ZN748KM;
				INFOPLIST_FILE = "Easy PresetsTests/Info.plist";
				IPHONEOS_DEPLOYMENT_TARGET = 14.2;
				LD_RUNPATH_SEARCH_PATHS = (
					"$(inherited)",
					"@executable_path/Frameworks",
					"@loader_path/Frameworks",
				);
				PRODUCT_BUNDLE_IDENTIFIER = "Paraskevich.Easy-PresetsTests";
				PRODUCT_NAME = "$(TARGET_NAME)";
				SWIFT_VERSION = 5.0;
				TARGETED_DEVICE_FAMILY = "1,2";
				TEST_HOST = "$(BUILT_PRODUCTS_DIR)/Easy Presets.app/Easy Presets";
			};
			name = Release;
		};
		31A44D5825ACCC1C00DEEC67 /* Debug */ = {
			isa = XCBuildConfiguration;
			baseConfigurationReference = A4B8961302B00E1FB2A3B7DD /* Pods-Easy Presets-Easy PresetsUITests.debug.xcconfig */;
			buildSettings = {
				ALWAYS_EMBED_SWIFT_STANDARD_LIBRARIES = YES;
				CODE_SIGN_STYLE = Automatic;
				DEVELOPMENT_TEAM = M66ZN748KM;
				INFOPLIST_FILE = "Easy PresetsUITests/Info.plist";
				LD_RUNPATH_SEARCH_PATHS = (
					"$(inherited)",
					"@executable_path/Frameworks",
					"@loader_path/Frameworks",
				);
				PRODUCT_BUNDLE_IDENTIFIER = "Paraskevich.Easy-PresetsUITests";
				PRODUCT_NAME = "$(TARGET_NAME)";
				SWIFT_VERSION = 5.0;
				TARGETED_DEVICE_FAMILY = "1,2";
				TEST_TARGET_NAME = "Easy Presets";
			};
			name = Debug;
		};
		31A44D5925ACCC1C00DEEC67 /* Release */ = {
			isa = XCBuildConfiguration;
			baseConfigurationReference = 4ACD9C6B12424666293F4348 /* Pods-Easy Presets-Easy PresetsUITests.release.xcconfig */;
			buildSettings = {
				ALWAYS_EMBED_SWIFT_STANDARD_LIBRARIES = YES;
				CODE_SIGN_STYLE = Automatic;
				DEVELOPMENT_TEAM = M66ZN748KM;
				INFOPLIST_FILE = "Easy PresetsUITests/Info.plist";
				LD_RUNPATH_SEARCH_PATHS = (
					"$(inherited)",
					"@executable_path/Frameworks",
					"@loader_path/Frameworks",
				);
				PRODUCT_BUNDLE_IDENTIFIER = "Paraskevich.Easy-PresetsUITests";
				PRODUCT_NAME = "$(TARGET_NAME)";
				SWIFT_VERSION = 5.0;
				TARGETED_DEVICE_FAMILY = "1,2";
				TEST_TARGET_NAME = "Easy Presets";
			};
			name = Release;
		};
/* End XCBuildConfiguration section */

/* Begin XCConfigurationList section */
		31A44D2225ACCC1700DEEC67 /* Build configuration list for PBXProject "Easy Presets" */ = {
			isa = XCConfigurationList;
			buildConfigurations = (
				31A44D4F25ACCC1C00DEEC67 /* Debug */,
				31A44D5025ACCC1C00DEEC67 /* Release */,
			);
			defaultConfigurationIsVisible = 0;
			defaultConfigurationName = Release;
		};
		31A44D5125ACCC1C00DEEC67 /* Build configuration list for PBXNativeTarget "Easy Presets" */ = {
			isa = XCConfigurationList;
			buildConfigurations = (
				31A44D5225ACCC1C00DEEC67 /* Debug */,
				31A44D5325ACCC1C00DEEC67 /* Release */,
			);
			defaultConfigurationIsVisible = 0;
			defaultConfigurationName = Release;
		};
		31A44D5425ACCC1C00DEEC67 /* Build configuration list for PBXNativeTarget "Easy PresetsTests" */ = {
			isa = XCConfigurationList;
			buildConfigurations = (
				31A44D5525ACCC1C00DEEC67 /* Debug */,
				31A44D5625ACCC1C00DEEC67 /* Release */,
			);
			defaultConfigurationIsVisible = 0;
			defaultConfigurationName = Release;
		};
		31A44D5725ACCC1C00DEEC67 /* Build configuration list for PBXNativeTarget "Easy PresetsUITests" */ = {
			isa = XCConfigurationList;
			buildConfigurations = (
				31A44D5825ACCC1C00DEEC67 /* Debug */,
				31A44D5925ACCC1C00DEEC67 /* Release */,
			);
			defaultConfigurationIsVisible = 0;
			defaultConfigurationName = Release;
		};
/* End XCConfigurationList section */
	};
	rootObject = 31A44D1F25ACCC1700DEEC67 /* Project object */;
}
